
Microsoft Visual Studio Solution File, Format Version 12.00
Project("{FAE04EC0-301F-11D3-BF4B-00C04F79EFBC}") = "TestMotiv", "TestMotiv\TestMotiv.csproj", "{BA3A2754-0785-47B0-8315-747A6A94D308}"
EndProject
Project("{FAE04EC0-301F-11D3-BF4B-00C04F79EFBC}") = "TestMotiv.DTO", "TestMotiv.DTO\TestMotiv.DTO.csproj", "{8C57206F-7C74-4EC8-82F6-EA8CCD0BDA9A}"
EndProject
Global
	GlobalSection(SolutionConfigurationPlatforms) = preSolution
		Debug|Any CPU = Debug|Any CPU
		Release|Any CPU = Release|Any CPU
	EndGlobalSection
	GlobalSection(ProjectConfigurationPlatforms) = postSolution
		{BA3A2754-0785-47B0-8315-747A6A94D308}.Debug|Any CPU.ActiveCfg = Debug|Any CPU
		{BA3A2754-0785-47B0-8315-747A6A94D308}.Debug|Any CPU.Build.0 = Debug|Any CPU
		{BA3A2754-0785-47B0-8315-747A6A94D308}.Release|Any CPU.ActiveCfg = Release|Any CPU
		{BA3A2754-0785-47B0-8315-747A6A94D308}.Release|Any CPU.Build.0 = Release|Any CPU
		{8C57206F-7C74-4EC8-82F6-EA8CCD0BDA9A}.Debug|Any CPU.ActiveCfg = Debug|Any CPU
		{8C57206F-7C74-4EC8-82F6-EA8CCD0BDA9A}.Debug|Any CPU.Build.0 = Debug|Any CPU
		{8C57206F-7C74-4EC8-82F6-EA8CCD0BDA9A}.Release|Any CPU.ActiveCfg = Release|Any CPU
		{8C57206F-7C74-4EC8-82F6-EA8CCD0BDA9A}.Release|Any CPU.Build.0 = Release|Any CPU
	EndGlobalSection
EndGlobal
